
Microsoft Visual Studio Solution File, Format Version 12.00
# Visual Studio Version 17
VisualStudioVersion = 17.0.31903.59
MinimumVisualStudioVersion = 10.0.40219.1
Project("{2150E333-8FDC-42A3-9474-1A3956D46DE8}") = "src", "src", "{A6F10C3F-0E84-4E90-A497-AA940DD914B7}"
EndProject
Project("{FAE04EC0-301F-11D3-BF4B-00C04F79EFBC}") = "IdempotencyGuard", "src\IdempotencyGuard\IdempotencyGuard.csproj", "{1A9B5993-5AC7-462C-9CB0-60A43984FC0F}"
EndProject
Project("{FAE04EC0-301F-11D3-BF4B-00C04F79EFBC}") = "IdempotencyGuard.AspNetCore", "src\IdempotencyGuard.AspNetCore\IdempotencyGuard.AspNetCore.csproj", "{8AF1C69A-2CDF-4587-AD98-2ACC2F62DEE0}"
EndProject
Project("{FAE04EC0-301F-11D3-BF4B-00C04F79EFBC}") = "IdempotencyGuard.Redis", "src\IdempotencyGuard.Redis\IdempotencyGuard.Redis.csproj", "{8E66A099-B925-48A3-BD36-2228A5C763A3}"
EndProject
Project("{FAE04EC0-301F-11D3-BF4B-00C04F79EFBC}") = "IdempotencyGuard.PostgreSql", "src\IdempotencyGuard.PostgreSql\IdempotencyGuard.PostgreSql.csproj", "{5FA64368-872E-4727-A3DC-261B65FAADEF}"
EndProject
Project("{FAE04EC0-301F-11D3-BF4B-00C04F79EFBC}") = "IdempotencyGuard.SqlServer", "src\IdempotencyGuard.SqlServer\IdempotencyGuard.SqlServer.csproj", "{71951E00-F9C0-4880-A5FC-92EC4562DB4E}"
EndProject
Project("{2150E333-8FDC-42A3-9474-1A3956D46DE8}") = "tests", "tests", "{75977E45-20AA-48CA-968E-F9B691B6D26B}"
EndProject
Project("{FAE04EC0-301F-11D3-BF4B-00C04F79EFBC}") = "IdempotencyGuard.Tests", "tests\IdempotencyGuard.Tests\IdempotencyGuard.Tests.csproj", "{85E16BA2-1282-4EDD-BEA2-50399976AFBE}"
EndProject
Project("{FAE04EC0-301F-11D3-BF4B-00C04F79EFBC}") = "IdempotencyGuard.AspNetCore.Tests", "tests\IdempotencyGuard.AspNetCore.Tests\IdempotencyGuard.AspNetCore.Tests.csproj", "{C68B040F-9642-4C7B-B7AE-610A0A4DA43E}"
EndProject
Project("{FAE04EC0-301F-11D3-BF4B-00C04F79EFBC}") = "IdempotencyGuard.Integration.Tests", "tests\IdempotencyGuard.Integration.Tests\IdempotencyGuard.Integration.Tests.csproj", "{A6EB1E6F-C303-429F-BAC4-D94BB0EA231C}"
EndProject
Project("{2150E333-8FDC-42A3-9474-1A3956D46DE8}") = "samples", "samples", "{4A7FC082-32CF-40AA-9F0C-00FF00D39A34}"
EndProject
Project("{FAE04EC0-301F-11D3-BF4B-00C04F79EFBC}") = "IdempotencyGuard.Sample.Api", "samples\IdempotencyGuard.Sample.Api\IdempotencyGuard.Sample.Api.csproj", "{3534EC93-FCB1-4992-82E1-D169F02288EC}"
EndProject
Global
	GlobalSection(SolutionConfigurationPlatforms) = preSolution
		Debug|Any CPU = Debug|Any CPU
		Release|Any CPU = Release|Any CPU
	EndGlobalSection
	GlobalSection(SolutionProperties) = preSolution
		HideSolutionNode = FALSE
	EndGlobalSection
	GlobalSection(ProjectConfigurationPlatforms) = postSolution
		{1A9B5993-5AC7-462C-9CB0-60A43984FC0F}.Debug|Any CPU.ActiveCfg = Debug|Any CPU
		{1A9B5993-5AC7-462C-9CB0-60A43984FC0F}.Debug|Any CPU.Build.0 = Debug|Any CPU
		{1A9B5993-5AC7-462C-9CB0-60A43984FC0F}.Release|Any CPU.ActiveCfg = Release|Any CPU
		{1A9B5993-5AC7-462C-9CB0-60A43984FC0F}.Release|Any CPU.Build.0 = Release|Any CPU
		{8AF1C69A-2CDF-4587-AD98-2ACC2F62DEE0}.Debug|Any CPU.ActiveCfg = Debug|Any CPU
		{8AF1C69A-2CDF-4587-AD98-2ACC2F62DEE0}.Debug|Any CPU.Build.0 = Debug|Any CPU
		{8AF1C69A-2CDF-4587-AD98-2ACC2F62DEE0}.Release|Any CPU.ActiveCfg = Release|Any CPU
		{8AF1C69A-2CDF-4587-AD98-2ACC2F62DEE0}.Release|Any CPU.Build.0 = Release|Any CPU
		{8E66A099-B925-48A3-BD36-2228A5C763A3}.Debug|Any CPU.ActiveCfg = Debug|Any CPU
		{8E66A099-B925-48A3-BD36-2228A5C763A3}.Debug|Any CPU.Build.0 = Debug|Any CPU
		{8E66A099-B925-48A3-BD36-2228A5C763A3}.Release|Any CPU.ActiveCfg = Release|Any CPU
		{8E66A099-B925-48A3-BD36-2228A5C763A3}.Release|Any CPU.Build.0 = Release|Any CPU
		{5FA64368-872E-4727-A3DC-261B65FAADEF}.Debug|Any CPU.ActiveCfg = Debug|Any CPU
		{5FA64368-872E-4727-A3DC-261B65FAADEF}.Debug|Any CPU.Build.0 = Debug|Any CPU
		{5FA64368-872E-4727-A3DC-261B65FAADEF}.Release|Any CPU.ActiveCfg = Release|Any CPU
		{5FA64368-872E-4727-A3DC-261B65FAADEF}.Release|Any CPU.Build.0 = Release|Any CPU
		{71951E00-F9C0-4880-A5FC-92EC4562DB4E}.Debug|Any CPU.ActiveCfg = Debug|Any CPU
		{71951E00-F9C0-4880-A5FC-92EC4562DB4E}.Debug|Any CPU.Build.0 = Debug|Any CPU
		{71951E00-F9C0-4880-A5FC-92EC4562DB4E}.Release|Any CPU.ActiveCfg = Release|Any CPU
		{71951E00-F9C0-4880-A5FC-92EC4562DB4E}.Release|Any CPU.Build.0 = Release|Any CPU
		{85E16BA2-1282-4EDD-BEA2-50399976AFBE}.Debug|Any CPU.ActiveCfg = Debug|Any CPU
		{85E16BA2-1282-4EDD-BEA2-50399976AFBE}.Debug|Any CPU.Build.0 = Debug|Any CPU
		{85E16BA2-1282-4EDD-BEA2-50399976AFBE}.Release|Any CPU.ActiveCfg = Release|Any CPU
		{85E16BA2-1282-4EDD-BEA2-50399976AFBE}.Release|Any CPU.Build.0 = Release|Any CPU
		{C68B040F-9642-4C7B-B7AE-610A0A4DA43E}.Debug|Any CPU.ActiveCfg = Debug|Any CPU
		{C68B040F-9642-4C7B-B7AE-610A0A4DA43E}.Debug|Any CPU.Build.0 = Debug|Any CPU
		{C68B040F-9642-4C7B-B7AE-610A0A4DA43E}.Release|Any CPU.ActiveCfg = Release|Any CPU
		{C68B040F-9642-4C7B-B7AE-610A0A4DA43E}.Release|Any CPU.Build.0 = Release|Any CPU
		{A6EB1E6F-C303-429F-BAC4-D94BB0EA231C}.Debug|Any CPU.ActiveCfg = Debug|Any CPU
		{A6EB1E6F-C303-429F-BAC4-D94BB0EA231C}.Debug|Any CPU.Build.0 = Debug|Any CPU
		{A6EB1E6F-C303-429F-BAC4-D94BB0EA231C}.Release|Any CPU.ActiveCfg = Release|Any CPU
		{A6EB1E6F-C303-429F-BAC4-D94BB0EA231C}.Release|Any CPU.Build.0 = Release|Any CPU
		{3534EC93-FCB1-4992-82E1-D169F02288EC}.Debug|Any CPU.ActiveCfg = Debug|Any CPU
		{3534EC93-FCB1-4992-82E1-D169F02288EC}.Debug|Any CPU.Build.0 = Debug|Any CPU
		{3534EC93-FCB1-4992-82E1-D169F02288EC}.Release|Any CPU.ActiveCfg = Release|Any CPU
		{3534EC93-FCB1-4992-82E1-D169F02288EC}.Release|Any CPU.Build.0 = Release|Any CPU
	EndGlobalSection
	GlobalSection(NestedProjects) = preSolution
		{1A9B5993-5AC7-462C-9CB0-60A43984FC0F} = {A6F10C3F-0E84-4E90-A497-AA940DD914B7}
		{8AF1C69A-2CDF-4587-AD98-2ACC2F62DEE0} = {A6F10C3F-0E84-4E90-A497-AA940DD914B7}
		{8E66A099-B925-48A3-BD36-2228A5C763A3} = {A6F10C3F-0E84-4E90-A497-AA940DD914B7}
		{5FA64368-872E-4727-A3DC-261B65FAADEF} = {A6F10C3F-0E84-4E90-A497-AA940DD914B7}
		{71951E00-F9C0-4880-A5FC-92EC4562DB4E} = {A6F10C3F-0E84-4E90-A497-AA940DD914B7}
		{85E16BA2-1282-4EDD-BEA2-50399976AFBE} = {75977E45-20AA-48CA-968E-F9B691B6D26B}
		{C68B040F-9642-4C7B-B7AE-610A0A4DA43E} = {75977E45-20AA-48CA-968E-F9B691B6D26B}
		{A6EB1E6F-C303-429F-BAC4-D94BB0EA231C} = {75977E45-20AA-48CA-968E-F9B691B6D26B}
		{3534EC93-FCB1-4992-82E1-D169F02288EC} = {4A7FC082-32CF-40AA-9F0C-00FF00D39A34}
	EndGlobalSection
EndGlobal
